#include <iostream>

using namespace std;

int main()
{
	int x, y, z;
	cin >> x >> y >> z;
	int frst = 0;
	int scnd = 0;
	int thrd = 0;
	cout << "the ascending order is: " << endl;
	/*the smallest number*/
	if (y == z && y > x)
		cout << "the second number and the third number are equal "<< y << endl;
	if (y > x && z > x)
		cout << x << endl;
	else if (x > y && z > y)
		cout << y << endl;
	else if (y > z && x > z)
		{
			cout << z << endl;
		}

	if (y == z && y < x)
		cout << "the second number and the third number are equal "<< y << endl;
	 
	
	
	/*the middle number*/
	if (x == z && x < y)//equal numbers
		cout << "first number and third number are equal " << x << endl;
	if (x > y && y > z || z > y && y > x)
		cout << y << endl;
	else if (y > x && x > z || z > x && x > z)
		cout << x << endl;
	else if (y > z && z > x || x > z && z > y)
		{
			cout << z << endl;
		}
	if (x == z && x > y)//equal numbers
		cout << "first number and third number are equal " << x <<endl;
	/////////////////////
	/*the last number*/
	if (x == y && x < z)//equal numbers
		cout << "first number and second number are equal "<< x << endl;
	if (x > y && x > z)
		cout << x << endl;
	else if (y > x && y > z)
		cout << y << endl;
	else if (z > x && z > y)
		{
			cout << z << endl;
		}
	if (x == y && x > z)//equal numbers
		cout << "first number and second number are equal "<< x << endl;
	/////////////////////
	/*if equal numbers*/
	if (x == y == z)
		cout << "all are equal"; 
	
		
	////////////////////


system("pause>0");
}

